
Microsoft Visual Studio Solution File, Format Version 12.00
# Visual Studio Version 17
VisualStudioVersion = 17.0.31903.59
MinimumVisualStudioVersion = 10.0.40219.1
Project("{FAE04EC0-301F-11D3-BF4B-00C04F79EFBC}") = "MyBookDatabase", "MyBookDatabase\MyBookDatabase.csproj", "{8254052A-0AAD-438C-B9AA-4A66326041CA}"
EndProject
Global
	GlobalSection(SolutionConfigurationPlatforms) = preSolution
		Debug|Any CPU = Debug|Any CPU
		Release|Any CPU = Release|Any CPU
	EndGlobalSection
	GlobalSection(ProjectConfigurationPlatforms) = postSolution
		{8254052A-0AAD-438C-B9AA-4A66326041CA}.Debug|Any CPU.ActiveCfg = Debug|Any CPU
		{8254052A-0AAD-438C-B9AA-4A66326041CA}.Debug|Any CPU.Build.0 = Debug|Any CPU
		{8254052A-0AAD-438C-B9AA-4A66326041CA}.Release|Any CPU.ActiveCfg = Release|Any CPU
		{8254052A-0AAD-438C-B9AA-4A66326041CA}.Release|Any CPU.Build.0 = Release|Any CPU
	EndGlobalSection
	GlobalSection(SolutionProperties) = preSolution
		HideSolutionNode = FALSE
	EndGlobalSection
	GlobalSection(ExtensibilityGlobals) = postSolution
		SolutionGuid = {78A6FCFB-A3E9-424B-96CE-43F3A0441F94}
	EndGlobalSection
EndGlobal
